
Microsoft Visual Studio Solution File, Format Version 12.00
# Visual Studio Version 16
VisualStudioVersion = 16.0.30204.135
MinimumVisualStudioVersion = 15.0.26124.0
Project("{9A19103F-16F7-4668-BE54-9A1E7A4F7556}") = "Basics", "Basics\Basics.csproj", "{35D45DF6-3FC2-4314-B2F5-7E7A2FDEA2C2}"
EndProject
Project("{9A19103F-16F7-4668-BE54-9A1E7A4F7556}") = "IdentityExample", "IdentityExample\IdentityExample.csproj", "{4361F81C-1EDD-4265-B0FE-7F7CFE910A88}"
EndProject
Global
	GlobalSection(SolutionConfigurationPlatforms) = preSolution
		Debug|Any CPU = Debug|Any CPU
		Debug|x64 = Debug|x64
		Debug|x86 = Debug|x86
		Release|Any CPU = Release|Any CPU
		Release|x64 = Release|x64
		Release|x86 = Release|x86
	EndGlobalSection
	GlobalSection(ProjectConfigurationPlatforms) = postSolution
		{35D45DF6-3FC2-4314-B2F5-7E7A2FDEA2C2}.Debug|Any CPU.ActiveCfg = Debug|Any CPU
		{35D45DF6-3FC2-4314-B2F5-7E7A2FDEA2C2}.Debug|Any CPU.Build.0 = Debug|Any CPU
		{35D45DF6-3FC2-4314-B2F5-7E7A2FDEA2C2}.Debug|x64.ActiveCfg = Debug|Any CPU
		{35D45DF6-3FC2-4314-B2F5-7E7A2FDEA2C2}.Debug|x64.Build.0 = Debug|Any CPU
		{35D45DF6-3FC2-4314-B2F5-7E7A2FDEA2C2}.Debug|x86.ActiveCfg = Debug|Any CPU
		{35D45DF6-3FC2-4314-B2F5-7E7A2FDEA2C2}.Debug|x86.Build.0 = Debug|Any CPU
		{35D45DF6-3FC2-4314-B2F5-7E7A2FDEA2C2}.Release|Any CPU.ActiveCfg = Release|Any CPU
		{35D45DF6-3FC2-4314-B2F5-7E7A2FDEA2C2}.Release|Any CPU.Build.0 = Release|Any CPU
		{35D45DF6-3FC2-4314-B2F5-7E7A2FDEA2C2}.Release|x64.ActiveCfg = Release|Any CPU
		{35D45DF6-3FC2-4314-B2F5-7E7A2FDEA2C2}.Release|x64.Build.0 = Release|Any CPU
		{35D45DF6-3FC2-4314-B2F5-7E7A2FDEA2C2}.Release|x86.ActiveCfg = Release|Any CPU
		{35D45DF6-3FC2-4314-B2F5-7E7A2FDEA2C2}.Release|x86.Build.0 = Release|Any CPU
		{4361F81C-1EDD-4265-B0FE-7F7CFE910A88}.Debug|Any CPU.ActiveCfg = Debug|Any CPU
		{4361F81C-1EDD-4265-B0FE-7F7CFE910A88}.Debug|Any CPU.Build.0 = Debug|Any CPU
		{4361F81C-1EDD-4265-B0FE-7F7CFE910A88}.Debug|x64.ActiveCfg = Debug|Any CPU
		{4361F81C-1EDD-4265-B0FE-7F7CFE910A88}.Debug|x64.Build.0 = Debug|Any CPU
		{4361F81C-1EDD-4265-B0FE-7F7CFE910A88}.Debug|x86.ActiveCfg = Debug|Any CPU
		{4361F81C-1EDD-4265-B0FE-7F7CFE910A88}.Debug|x86.Build.0 = Debug|Any CPU
		{4361F81C-1EDD-4265-B0FE-7F7CFE910A88}.Release|Any CPU.ActiveCfg = Release|Any CPU
		{4361F81C-1EDD-4265-B0FE-7F7CFE910A88}.Release|Any CPU.Build.0 = Release|Any CPU
		{4361F81C-1EDD-4265-B0FE-7F7CFE910A88}.Release|x64.ActiveCfg = Release|Any CPU
		{4361F81C-1EDD-4265-B0FE-7F7CFE910A88}.Release|x64.Build.0 = Release|Any CPU
		{4361F81C-1EDD-4265-B0FE-7F7CFE910A88}.Release|x86.ActiveCfg = Release|Any CPU
		{4361F81C-1EDD-4265-B0FE-7F7CFE910A88}.Release|x86.Build.0 = Release|Any CPU
	EndGlobalSection
	GlobalSection(SolutionProperties) = preSolution
		HideSolutionNode = FALSE
	EndGlobalSection
	GlobalSection(ExtensibilityGlobals) = postSolution
		SolutionGuid = {E5F63074-FAB2-40C5-823D-1499C5610EC5}
	EndGlobalSection
EndGlobal
